# This file was autogenerated by Stack.
# You should not edit this file by hand.
# For more information, please see the documentation at:
#   https://docs.haskellstack.org/en/stable/topics/lock_files

packages:
- completed:
    commit: 20ddf6f686f40724e3c14b621f5822dc4fb7bcf3
    git: https://github.com/srghma/dynamic-mvector.git
    name: dynamic-mvector
    pantry-tree:
      sha256: bc2f040235102c170f471f8758006fb736696d3731d6892cfe940994c6b58c96
      size: 730
    version: 0.1.0.5
  original:
    commit: 20ddf6f686f40724e3c14b621f5822dc4fb7bcf3
    git: https://github.com/srghma/dynamic-mvector.git
snapshots:
- completed:
    sha256: 4bc8e0388916c4000645c068dff642482d6ed1b68b747c2d4d444857979963e0
    size: 726334
    url: https://raw.githubusercontent.com/commercialhaskell/stackage-snapshots/master/lts/24/24.yaml
  original:
    url: https://raw.githubusercontent.com/commercialhaskell/stackage-snapshots/master/lts/24/24.yaml
