# This file was autogenerated by Stack.
# You should not edit this file by hand.
# For more information, please see the documentation at:
#   https://docs.haskellstack.org/en/stable/lock_files

packages:
- completed:
    hackage: rope-utf16-splay-0.3.1.0@sha256:15a53c57f8413d193054bb5f045929edae3b2669def4c6af63197b30dc1d5003,2029
    pantry-tree:
      size: 667
      sha256: 876b05bbbd1394bb862a7e2d460f6fe30f509c4c9a530530cb9fe7ec19a89c30
  original:
    hackage: rope-utf16-splay-0.3.1.0
- completed:
    hackage: haskell-lsp-types-0.15.0.0@sha256:75698e3af3c9c0f8494121a2bdd47bb4ccc423afb58fecfa43e9ffbcd8721b3c,2880
    pantry-tree:
      size: 2369
      sha256: 04b8321fc9e60796cfecc0487f35c32208908f1ce7b7e2d75bc8347a1d91bcee
  original:
    hackage: haskell-lsp-types-0.15.0.0
- completed:
    hackage: haskell-lsp-0.15.0.0@sha256:afb1ca7b6611894b687cad831a10220c426ef54b592e7cbb91a0b5d3e4172ef8,5430
    pantry-tree:
      size: 1725
      sha256: 3e023be91f4a9aeb3995e14db9dfcdcd08f709a9ef3742a099100d576ff87502
  original:
    hackage: haskell-lsp-0.15.0.0
- completed:
    hackage: dynamic-mvector-0.1.0.5@sha256:b1bcdf422191e623b9de5c2d5a2e846893c932e981bd37b0cdb5c77f1895983e,629
    pantry-tree:
      size: 230
      sha256: a9b28b239089b5a928bad38a79d2f33be6111d7f41664a32eb3ffbbf7393c58c
  original:
    hackage: dynamic-mvector-0.1.0.5
- completed:
    hackage: async-pool-0.9.0.2@sha256:3aca5861a7b839d02a3f5c52ad6d1ce368631003f68c3d9cb6d711c29e9618db,1599
    pantry-tree:
      size: 443
      sha256: 6e97326dc06f9c32fbe7b312e17c427a716a9c2688529ab356de61b0effdb684
  original:
    hackage: async-pool-0.9.0.2
snapshots:
- completed:
    size: 500539
    url: https://raw.githubusercontent.com/commercialhaskell/stackage-snapshots/master/lts/13/27.yaml
    sha256: 690db832392afe55733b4c7023fd29b1b1c660ee42f1fb505b86b07394ca994e
  original: lts-13.27
